
Microsoft Visual Studio Solution File, Format Version 12.00
# Visual Studio 2012
Project("{FAE04EC0-301F-11D3-BF4B-00C04F79EFBC}") = "Tutoria3-2_FuelEconomy", "Tutoria3-2_FuelEconomy\Tutoria3-2_FuelEconomy.csproj", "{ED6430F8-B92D-4FCF-96D9-8EA45C873C89}"
EndProject
Global
	GlobalSection(SolutionConfigurationPlatforms) = preSolution
		Debug|Any CPU = Debug|Any CPU
		Release|Any CPU = Release|Any CPU
	EndGlobalSection
	GlobalSection(ProjectConfigurationPlatforms) = postSolution
		{ED6430F8-B92D-4FCF-96D9-8EA45C873C89}.Debug|Any CPU.ActiveCfg = Debug|Any CPU
		{ED6430F8-B92D-4FCF-96D9-8EA45C873C89}.Debug|Any CPU.Build.0 = Debug|Any CPU
		{ED6430F8-B92D-4FCF-96D9-8EA45C873C89}.Release|Any CPU.ActiveCfg = Release|Any CPU
		{ED6430F8-B92D-4FCF-96D9-8EA45C873C89}.Release|Any CPU.Build.0 = Release|Any CPU
	EndGlobalSection
	GlobalSection(SolutionProperties) = preSolution
		HideSolutionNode = FALSE
	EndGlobalSection
EndGlobal
