
Microsoft Visual Studio Solution File, Format Version 12.00
# Visual Studio 2012
Project("{FAE04EC0-301F-11D3-BF4B-00C04F79EFBC}") = "Time calculator", "Time calculator\Time calculator.csproj", "{2B7BEE66-EF03-4B2A-AC5C-D8CD3A995A11}"
EndProject
Global
	GlobalSection(SolutionConfigurationPlatforms) = preSolution
		Debug|Any CPU = Debug|Any CPU
		Release|Any CPU = Release|Any CPU
	EndGlobalSection
	GlobalSection(ProjectConfigurationPlatforms) = postSolution
		{2B7BEE66-EF03-4B2A-AC5C-D8CD3A995A11}.Debug|Any CPU.ActiveCfg = Debug|Any CPU
		{2B7BEE66-EF03-4B2A-AC5C-D8CD3A995A11}.Debug|Any CPU.Build.0 = Debug|Any CPU
		{2B7BEE66-EF03-4B2A-AC5C-D8CD3A995A11}.Release|Any CPU.ActiveCfg = Release|Any CPU
		{2B7BEE66-EF03-4B2A-AC5C-D8CD3A995A11}.Release|Any CPU.Build.0 = Release|Any CPU
	EndGlobalSection
	GlobalSection(SolutionProperties) = preSolution
		HideSolutionNode = FALSE
	EndGlobalSection
EndGlobal
