
Microsoft Visual Studio Solution File, Format Version 12.00
# Visual Studio 2012
Project("{FAE04EC0-301F-11D3-BF4B-00C04F79EFBC}") = "RandomNumberFileWriter", "RandomNumberFileWriter\RandomNumberFileWriter.csproj", "{C1CBF111-2ADD-470B-B3BD-840B727BB2A2}"
EndProject
Global
	GlobalSection(SolutionConfigurationPlatforms) = preSolution
		Debug|Any CPU = Debug|Any CPU
		Release|Any CPU = Release|Any CPU
	EndGlobalSection
	GlobalSection(ProjectConfigurationPlatforms) = postSolution
		{C1CBF111-2ADD-470B-B3BD-840B727BB2A2}.Debug|Any CPU.ActiveCfg = Debug|Any CPU
		{C1CBF111-2ADD-470B-B3BD-840B727BB2A2}.Debug|Any CPU.Build.0 = Debug|Any CPU
		{C1CBF111-2ADD-470B-B3BD-840B727BB2A2}.Release|Any CPU.ActiveCfg = Release|Any CPU
		{C1CBF111-2ADD-470B-B3BD-840B727BB2A2}.Release|Any CPU.Build.0 = Release|Any CPU
	EndGlobalSection
	GlobalSection(SolutionProperties) = preSolution
		HideSolutionNode = FALSE
	EndGlobalSection
EndGlobal
