
Microsoft Visual Studio Solution File, Format Version 12.00
# Visual Studio 2012
Project("{FAE04EC0-301F-11D3-BF4B-00C04F79EFBC}") = "Heads or Tails", "Heads or Tails\Heads or Tails.csproj", "{B4201FAA-5365-4F3B-B26D-FB7FEEE503CD}"
EndProject
Global
	GlobalSection(SolutionConfigurationPlatforms) = preSolution
		Debug|Any CPU = Debug|Any CPU
		Release|Any CPU = Release|Any CPU
	EndGlobalSection
	GlobalSection(ProjectConfigurationPlatforms) = postSolution
		{B4201FAA-5365-4F3B-B26D-FB7FEEE503CD}.Debug|Any CPU.ActiveCfg = Debug|Any CPU
		{B4201FAA-5365-4F3B-B26D-FB7FEEE503CD}.Debug|Any CPU.Build.0 = Debug|Any CPU
		{B4201FAA-5365-4F3B-B26D-FB7FEEE503CD}.Release|Any CPU.ActiveCfg = Release|Any CPU
		{B4201FAA-5365-4F3B-B26D-FB7FEEE503CD}.Release|Any CPU.Build.0 = Release|Any CPU
	EndGlobalSection
	GlobalSection(SolutionProperties) = preSolution
		HideSolutionNode = FALSE
	EndGlobalSection
EndGlobal
